
Microsoft Visual Studio Solution File, Format Version 11.00
# Visual Studio 2010
Project("{8BC9CEB8-8B4A-11D0-8D11-00A0C91BC942}") = "公司员工管理系统", "公司员工管理系统\公司员工管理系统.vcxproj", "{80B7A38E-0741-4B70-9C2F-606A7B4C2B9A}"
EndProject
Global
	GlobalSection(SolutionConfigurationPlatforms) = preSolution
		Debug|Win32 = Debug|Win32
		Release|Win32 = Release|Win32
	EndGlobalSection
	GlobalSection(ProjectConfigurationPlatforms) = postSolution
		{80B7A38E-0741-4B70-9C2F-606A7B4C2B9A}.Debug|Win32.ActiveCfg = Debug|Win32
		{80B7A38E-0741-4B70-9C2F-606A7B4C2B9A}.Debug|Win32.Build.0 = Debug|Win32
		{80B7A38E-0741-4B70-9C2F-606A7B4C2B9A}.Release|Win32.ActiveCfg = Release|Win32
		{80B7A38E-0741-4B70-9C2F-606A7B4C2B9A}.Release|Win32.Build.0 = Release|Win32
	EndGlobalSection
	GlobalSection(SolutionProperties) = preSolution
		HideSolutionNode = FALSE
	EndGlobalSection
EndGlobal
